Microsoft Visual Studio Solution File, Format Version 12.00
# Visual Studio Version 17
VisualStudioVersion = 17.5.2.0
MinimumVisualStudioVersion = 10.0.40219.1
Project("{FAE04EC0-301F-11D3-BF4B-00C04F79EFBC}") = "UnitConverter", "UnitConverter.csproj", "{62BA357B-F016-A726-C342-50390B794EFE}"
EndProject
Global
	GlobalSection(SolutionConfigurationPlatforms) = preSolution
		Debug|Any CPU = Debug|Any CPU
		Release|Any CPU = Release|Any CPU
	EndGlobalSection
	GlobalSection(ProjectConfigurationPlatforms) = postSolution
		{62BA357B-F016-A726-C342-50390B794EFE}.Debug|Any CPU.ActiveCfg = Debug|Any CPU
		{62BA357B-F016-A726-C342-50390B794EFE}.Debug|Any CPU.Build.0 = Debug|Any CPU
		{62BA357B-F016-A726-C342-50390B794EFE}.Release|Any CPU.ActiveCfg = Release|Any CPU
		{62BA357B-F016-A726-C342-50390B794EFE}.Release|Any CPU.Build.0 = Release|Any CPU
	EndGlobalSection
	GlobalSection(SolutionProperties) = preSolution
		HideSolutionNode = FALSE
	EndGlobalSection
	GlobalSection(ExtensibilityGlobals) = postSolution
		SolutionGuid = {F793D299-CA55-4060-87AD-71561D84BEAE}
	EndGlobalSection
EndGlobal
